
Microsoft Visual Studio Solution File, Format Version 12.00
# Visual Studio Version 17
VisualStudioVersion = 17.14.36518.9 d17.14
MinimumVisualStudioVersion = 10.0.40219.1
Project("{FAE04EC0-301F-11D3-BF4B-00C04F79EFBC}") = "HoneyMustBeRoyal", "HoneyMustBeRoyal.csproj", "{9BAEF767-18A4-07E4-1E67-7C9E33EC2EE0}"
EndProject
Global
	GlobalSection(SolutionConfigurationPlatforms) = preSolution
		Debug|Any CPU = Debug|Any CPU
		Release|Any CPU = Release|Any CPU
	EndGlobalSection
	GlobalSection(ProjectConfigurationPlatforms) = postSolution
		{9BAEF767-18A4-07E4-1E67-7C9E33EC2EE0}.Debug|Any CPU.ActiveCfg = Debug|Any CPU
		{9BAEF767-18A4-07E4-1E67-7C9E33EC2EE0}.Debug|Any CPU.Build.0 = Debug|Any CPU
		{9BAEF767-18A4-07E4-1E67-7C9E33EC2EE0}.Release|Any CPU.ActiveCfg = Release|Any CPU
		{9BAEF767-18A4-07E4-1E67-7C9E33EC2EE0}.Release|Any CPU.Build.0 = Release|Any CPU
	EndGlobalSection
	GlobalSection(SolutionProperties) = preSolution
		HideSolutionNode = FALSE
	EndGlobalSection
	GlobalSection(ExtensibilityGlobals) = postSolution
		SolutionGuid = {D425BA9A-D826-47E0-98B2-A2824946ABF6}
	EndGlobalSection
EndGlobal
